
Microsoft Visual Studio Solution File, Format Version 12.00
# Visual Studio Version 17
VisualStudioVersion = 17.7.34031.279
MinimumVisualStudioVersion = 10.0.40219.1
Project("{FAE04EC0-301F-11D3-BF4B-00C04F79EFBC}") = "Homework_26_11_2023", "Homework_26_11_2023\Homework_26_11_2023.csproj", "{997620EF-AF9F-4157-BA4C-C8610FCD31CC}"
EndProject
Global
	GlobalSection(SolutionConfigurationPlatforms) = preSolution
		Debug|Any CPU = Debug|Any CPU
		Release|Any CPU = Release|Any CPU
	EndGlobalSection
	GlobalSection(ProjectConfigurationPlatforms) = postSolution
		{997620EF-AF9F-4157-BA4C-C8610FCD31CC}.Debug|Any CPU.ActiveCfg = Debug|Any CPU
		{997620EF-AF9F-4157-BA4C-C8610FCD31CC}.Debug|Any CPU.Build.0 = Debug|Any CPU
		{997620EF-AF9F-4157-BA4C-C8610FCD31CC}.Release|Any CPU.ActiveCfg = Release|Any CPU
		{997620EF-AF9F-4157-BA4C-C8610FCD31CC}.Release|Any CPU.Build.0 = Release|Any CPU
	EndGlobalSection
	GlobalSection(SolutionProperties) = preSolution
		HideSolutionNode = FALSE
	EndGlobalSection
	GlobalSection(ExtensibilityGlobals) = postSolution
		SolutionGuid = {4F4D1874-4DEF-488D-B3A8-31EB34CEA10A}
	EndGlobalSection
EndGlobal
